
Microsoft Visual Studio Solution File, Format Version 12.00
# Visual Studio Version 16
VisualStudioVersion = 16.0.30711.63
MinimumVisualStudioVersion = 10.0.40219.1
Project("{FAE04EC0-301F-11D3-BF4B-00C04F79EFBC}") = "ALauncher", "ALauncher\ALauncher.csproj", "{DB07C7DE-1CA2-41F5-BE90-66F761334314}"
EndProject
Global
	GlobalSection(SolutionConfigurationPlatforms) = preSolution
		Debug|Any CPU = Debug|Any CPU
		Release|Any CPU = Release|Any CPU
	EndGlobalSection
	GlobalSection(ProjectConfigurationPlatforms) = postSolution
		{DB07C7DE-1CA2-41F5-BE90-66F761334314}.Debug|Any CPU.ActiveCfg = Debug|Any CPU
		{DB07C7DE-1CA2-41F5-BE90-66F761334314}.Debug|Any CPU.Build.0 = Debug|Any CPU
		{DB07C7DE-1CA2-41F5-BE90-66F761334314}.Release|Any CPU.ActiveCfg = Release|Any CPU
		{DB07C7DE-1CA2-41F5-BE90-66F761334314}.Release|Any CPU.Build.0 = Release|Any CPU
	EndGlobalSection
	GlobalSection(SolutionProperties) = preSolution
		HideSolutionNode = FALSE
	EndGlobalSection
	GlobalSection(ExtensibilityGlobals) = postSolution
		SolutionGuid = {415F8CE4-D7FB-47B0-BCD3-790AFEA4BD92}
	EndGlobalSection
EndGlobal
